
Microsoft Visual Studio Solution File, Format Version 12.00
# Visual Studio Version 16
VisualStudioVersion = 16.0.30011.22
MinimumVisualStudioVersion = 10.0.40219.1
Project("{FAE04EC0-301F-11D3-BF4B-00C04F79EFBC}") = "SaleDoanInbound", "SaleDoanInbound\SaleDoanInbound.csproj", "{EF8B7A91-27D0-407D-B957-467915B85A4B}"
EndProject
Project("{FAE04EC0-301F-11D3-BF4B-00C04F79EFBC}") = "Data", "Data\Data.csproj", "{BC9F68DD-3A63-4A51-8D4A-C8ACD3C68605}"
EndProject
Global
	GlobalSection(SolutionConfigurationPlatforms) = preSolution
		Debug|Any CPU = Debug|Any CPU
		Release|Any CPU = Release|Any CPU
	EndGlobalSection
	GlobalSection(ProjectConfigurationPlatforms) = postSolution
		{EF8B7A91-27D0-407D-B957-467915B85A4B}.Debug|Any CPU.ActiveCfg = Debug|Any CPU
		{EF8B7A91-27D0-407D-B957-467915B85A4B}.Debug|Any CPU.Build.0 = Debug|Any CPU
		{EF8B7A91-27D0-407D-B957-467915B85A4B}.Release|Any CPU.ActiveCfg = Release|Any CPU
		{EF8B7A91-27D0-407D-B957-467915B85A4B}.Release|Any CPU.Build.0 = Release|Any CPU
		{BC9F68DD-3A63-4A51-8D4A-C8ACD3C68605}.Debug|Any CPU.ActiveCfg = Debug|Any CPU
		{BC9F68DD-3A63-4A51-8D4A-C8ACD3C68605}.Debug|Any CPU.Build.0 = Debug|Any CPU
		{BC9F68DD-3A63-4A51-8D4A-C8ACD3C68605}.Release|Any CPU.ActiveCfg = Release|Any CPU
		{BC9F68DD-3A63-4A51-8D4A-C8ACD3C68605}.Release|Any CPU.Build.0 = Release|Any CPU
	EndGlobalSection
	GlobalSection(SolutionProperties) = preSolution
		HideSolutionNode = FALSE
	EndGlobalSection
	GlobalSection(ExtensibilityGlobals) = postSolution
		SolutionGuid = {2AB1D7C9-C0FA-4A22-8287-FE5ED4D13D9F}
	EndGlobalSection
EndGlobal
